github.com/Hatch1fy/errors v0.4.80 h1:LBr5Elytx6npBlF/36KTamC6I7h6VqkOVkRkbIdj3xY=
github.com/Hatch1fy/errors v0.4.80/go.mod h1:SJFCeScmERvwtYMG7EU24Fe0KfXmiIs7tNlcIl0STKk=
github.com/hatchify/atoms v0.4.77 h1:JGBaNULC3Kx8LiKvxkgcNxafM5P063soeoiKvTs+m/o=
github.com/hatchify/atoms v0.4.77/go.mod h1:6H72BaBb4o7EHfkGXb3AriWU0S5CSrW1kDDHdjdeNB8=
